{
  "version": 1,
  "dependencies": {
    "net10.0-windows8.0": {
      "1llum1n4t1s.Sevenzip": {
        "type": "Direct",
        "requested": "[1.0.73, )",
        "resolved": "1.0.73",
        "contentHash": "AJDrsEDeIiMQCPpNP1/1JnTpHVDPLaFViuGZvS+iWPA2XYmRVOYb/D+h4wyIcZA4fDsbbR45FH5GIJMLIWqcxQ=="
      },
      "Avalonia": {
        "type": "Direct",
        "requested": "[12.0.3, )",
        "resolved": "12.0.3",
        "contentHash": "OVAzdZB5T/QIOEpw/WmQ0ZJM13BMmLO7RqR5z+lZtBMuStK63W68SV/Q+PNn/GdFEC3Ab8eQhH2FMb8FhNLK+w==",
        "dependencies": {
          "Avalonia.BuildServices": "11.3.2",
          "Avalonia.Remote.Protocol": "12.0.3",
          "MicroCom.Runtime": "0.11.4"
        }
      },
      "Avalonia.Desktop": {
        "type": "Direct",
        "requested": "[12.0.3, )",
        "resolved": "12.0.3",
        "contentHash": "1WT6o5+HFQivTSBqqeyKWUQC2SbesgtlI6+ZT8JN+Rg9YarwWOw3DuPdHIYb2jkLzU+wjSkmBXRi7Nox7hfBOw==",
        "dependencies": {
          "Avalonia": "12.0.3",
          "Avalonia.HarfBuzz": "12.0.3",
          "Avalonia.Native": "12.0.3",
          "Avalonia.Skia": "12.0.3",
          "Avalonia.Win32": "12.0.3",
          "Avalonia.X11": "12.0.3"
        }
      },
      "Avalonia.Fonts.Inter": {
        "type": "Direct",
        "requested": "[12.0.3, )",
        "resolved": "12.0.3",
        "contentHash": "UWB0YZ15H0RKkkNgywtsO0aee3fcd6C0KQlG72QuDjoc7UIiwAgIrwu/LXkxCmXJcoh/xK/EWeclkwXEr7E50Q==",
        "dependencies": {
          "Avalonia": "12.0.3"
        }
      },
      "Avalonia.Markup.Xaml.Loader": {
        "type": "Direct",
        "requested": "[12.0.3, )",
        "resolved": "12.0.3",
        "contentHash": "ZCwalXl+QwFoqqIyXQ21YtmVi9imk4AnL2CkA6JQJgiw9hvd/hV6NKWntCIn0k1rB294Yb8rcgGdNRVdHz1ytw==",
        "dependencies": {
          "Avalonia": "12.0.3"
        }
      },
      "Avalonia.Themes.Fluent": {
        "type": "Direct",
        "requested": "[12.0.3, )",
        "resolved": "12.0.3",
        "contentHash": "Acj+gmRm52U8sQIVHk5sCCU65RWjYcurDtxo8zyZSYmM4Vl1z2N9ZLnbK9+wp3N56Z0z/1ddsKYXRq3XfGSP3Q==",
        "dependencies": {
          "Avalonia": "12.0.3"
        }
      },
      "CommunityToolkit.Mvvm": {
        "type": "Direct",
        "requested": "[8.4.2, )",
        "resolved": "8.4.2",
        "contentHash": "WadCzGEc2U+3e20avRLng4qNtt4zoOGWrdUISqJWrHe3/FSnrYjuM5Sb4yQb09LhkBXrrI4Zt3dLKgRMbItsrg=="
      },
      "MessageBox.Avalonia": {
        "type": "Direct",
        "requested": "[12.0.0, )",
        "resolved": "12.0.0",
        "contentHash": "EPCRoeoZrArY4g2AJDw67Oi9h4y2eLNNdGGX1I7lR/eNiQHdnR5f7FedShxUdpgs5jHz69uM1prVpbP3X1rxpg==",
        "dependencies": {
          "Avalonia": "12.0.1",
          "DialogHost.Avalonia": "0.12.1-nightly.0.1"
        }
      },
      "Microsoft.DotNet.ILCompiler": {
        "type": "Direct",
        "requested": "[10.0.8, )",
        "resolved": "10.0.8",
        "contentHash": "RJxitcN5CCyZDcPNXKLsecwKvACzmy8C1z8hGM9+hFcnPhv1jDysJFFIeUHIPWaZ6wDAfYtZcgKEtegvL2Nz8A=="
      },
      "Microsoft.NET.ILLink.Tasks": {
        "type": "Direct",
        "requested": "[10.0.8, )",
        "resolved": "10.0.8",
        "contentHash": "dVbSXGIFNR5nZcv2tOLoWI+a9T4jtFd77IYjuND+QVe360qWgAF7H0WtoopYhRw/+SgpGUTyrkrh+65+ClNnfw=="
      },
      "SuperLightLogger": {
        "type": "Direct",
        "requested": "[1.0.7, )",
        "resolved": "1.0.7",
        "contentHash": "P0y+Y8WoMWnaOzVDEEkRR8KBOjcu7fY64Mcg8tClAeJafVA+YksVcJHSUpcYZCTZt+XPga2s34xOm+4I/3tl5A==",
        "dependencies": {
          "Microsoft.Extensions.DependencyInjection.Abstractions": "10.0.8",
          "Microsoft.Extensions.Logging": "10.0.8",
          "Microsoft.Extensions.Logging.Abstractions": "10.0.8"
        }
      },
      "Tmds.DBus.Protocol": {
        "type": "Direct",
        "requested": "[0.94.0, )",
        "resolved": "0.94.0",
        "contentHash": "kCcyda6Yy38DD6YS5VjEwViVSDRknK4ZzfGlj0Iqq6butijNZog8zm6ne4toGqmNCXIR4NiEui6WzyNOtMSofA=="
      },
      "Velopack": {
        "type": "Direct",
        "requested": "[0.0.1369-g1d5c984, )",
        "resolved": "0.0.1369-g1d5c984",
        "contentHash": "Cpc3ywXrng2oKcZvpjq/mdspF6v2bFa4AhZ2OwIgNKD+bnlw1QXRVGKLY5QyNiPz64FcUnPqSG2b2RkDujIl+A==",
        "dependencies": {
          "NuGet.Versioning": "6.14.0"
        }
      },
      "VelopackUpdateDialog.Avalonia": {
        "type": "Direct",
        "requested": "[1.0.3, )",
        "resolved": "1.0.3",
        "contentHash": "g1b9q8sPMCPemh7USAjCS5Mvcae554zFBclP+3c/QymyO9inEUMgTiVviuE/vJyS7Pz9K/bLGekuI00tK9ip1g==",
        "dependencies": {
          "Avalonia": "12.0.3",
          "CommunityToolkit.Mvvm": "8.4.2",
          "SuperLightLogger": "1.0.7",
          "Velopack": "0.0.1298"
        }
      },
      "Avalonia.Angle.Windows.Natives": {
        "type": "Transitive",
        "resolved": "2.1.25547.20250602",
        "contentHash": "ZL0VLc4s9rvNNFt19Pxm5UNAkmKNylugAwJPX9ulXZ6JWs/l6XZihPWWTyezaoNOVyEPU8YbURtW7XMAtqXH5A=="
      },
      "Avalonia.BuildServices": {
        "type": "Transitive",
        "resolved": "11.3.2",
        "contentHash": "qHDToxto1e3hci5YqbG9n0Ty8mlp3zBUN5wT66wKqaDVzXyQ0do3EnRILd4Ke9jpvsktaPpgE0YjEk7hornryQ=="
      },
      "Avalonia.FreeDesktop": {
        "type": "Transitive",
        "resolved": "12.0.3",
        "contentHash": "t6qSD9slmHDlkBScuOecf5LZHGEhl57d8DQ0raXWXgm3mXkSZc2DTfkGBJajovrQdeuaISlu6sDHzYAs8Zv/iQ==",
        "dependencies": {
          "Avalonia": "12.0.3",
          "Tmds.DBus.Protocol": "0.92.0"
        }
      },
      "Avalonia.FreeDesktop.AtSpi": {
        "type": "Transitive",
        "resolved": "12.0.3",
        "contentHash": "+i58/6jM/YrjfPA3vXfHbEeLNPC2BY1lXGZ4HtZU4IHZ1XkP6xGBGEqwABuruAlSpLoyrE9LVMZ0Uqg3pYOtiQ==",
        "dependencies": {
          "Avalonia": "12.0.3"
        }
      },
      "Avalonia.HarfBuzz": {
        "type": "Transitive",
        "resolved": "12.0.3",
        "contentHash": "6R8pHRC9iDrAgT7AD/A3mE6hAPYXf66Ql5kWV046msSWF9ntYwuhNmJwlWeFwUVhb7nXThyTOIfUd3WV0GFXXA==",
        "dependencies": {
          "Avalonia": "12.0.3",
          "HarfBuzzSharp": "8.3.1.3",
          "HarfBuzzSharp.NativeAssets.Linux": "8.3.1.3",
          "HarfBuzzSharp.NativeAssets.WebAssembly": "8.3.1.3"
        }
      },
      "Avalonia.Native": {
        "type": "Transitive",
        "resolved": "12.0.3",
        "contentHash": "o+36bdY62STT9SjoEIlp/lSHVrQH8uC15gMUA4JMszz4Q4r5rgVMVTsorsIAurdawJ1LaBKIzvbDHyyiRjXROg==",
        "dependencies": {
          "Avalonia": "12.0.3"
        }
      },
      "Avalonia.Remote.Protocol": {
        "type": "Transitive",
        "resolved": "12.0.3",
        "contentHash": "NHvbiGC461oB3DXt8qgLNN+QfcYARcSxY7diyic9R7u6jQA4bc+ZbjEQKX8y8WyF1vOssedRmuOeTvRXlXbF9Q=="
      },
      "Avalonia.Skia": {
        "type": "Transitive",
        "resolved": "12.0.3",
        "contentHash": "Q0PYiN/B5dZumh89RcDOgbsceh7aUvTGVCKjiq+kcBmVZcvcygHpSRsDJKKUfFHBQLJLtQp7ErLRQUkN4LuIRA==",
        "dependencies": {
          "Avalonia": "12.0.3",
          "HarfBuzzSharp": "8.3.1.3",
          "HarfBuzzSharp.NativeAssets.Linux": "8.3.1.3",
          "HarfBuzzSharp.NativeAssets.WebAssembly": "8.3.1.3",
          "SkiaSharp": "3.119.4-preview.1.1",
          "SkiaSharp.NativeAssets.Linux": "3.119.4-preview.1.1",
          "SkiaSharp.NativeAssets.WebAssembly": "3.119.4-preview.1.1"
        }
      },
      "Avalonia.Win32": {
        "type": "Transitive",
        "resolved": "12.0.3",
        "contentHash": "shPBe7puXXjEWr9gq4DKZZBpfv2tGxdghK1nsRnVC7J3tx3Hm2/+Ik7vYoIYSdUv7MkAZZ4ham9Inqn8CcODBw==",
        "dependencies": {
          "Avalonia": "12.0.3",
          "Avalonia.Angle.Windows.Natives": "2.1.25547.20250602"
        }
      },
      "Avalonia.X11": {
        "type": "Transitive",
        "resolved": "12.0.3",
        "contentHash": "rQ0gbEcKcWXN2Pc0PS5gtLUEsi/yW1JvEbxGWi9D6ip/hdmczLtEG1n3Irtn7MJFjLJq5N6cLM2Prh4Euxwg9Q==",
        "dependencies": {
          "Avalonia": "12.0.3",
          "Avalonia.FreeDesktop": "12.0.3",
          "Avalonia.FreeDesktop.AtSpi": "12.0.3",
          "Avalonia.Skia": "12.0.3"
        }
      },
      "DialogHost.Avalonia": {
        "type": "Transitive",
        "resolved": "0.12.1-nightly.0.1",
        "contentHash": "+kAecd931qfA1jA2WfxcPoGK9Eed6buwvoDRinbyDqx0472fVKFzPiQucuiQL+z1Eop3+uFcRFcrgXgbdBV5sg==",
        "dependencies": {
          "Avalonia": "12.0.0"
        }
      },
      "HarfBuzzSharp": {
        "type": "Transitive",
        "resolved": "8.3.1.3",
        "contentHash": "NGZ2+ZVNPM+NdHB/asW0/ykWngyHWwcqjrbN2nDeH1B/aptPGlCUl8wkQ2cSJxw5fdWgdmIPmNuTPWpLwNVXWg==",
        "dependencies": {
          "HarfBuzzSharp.NativeAssets.Win32": "8.3.1.3",
          "HarfBuzzSharp.NativeAssets.macOS": "8.3.1.3"
        }
      },
      "HarfBuzzSharp.NativeAssets.Linux": {
        "type": "Transitive",
        "resolved": "8.3.1.3",
        "contentHash": "RI6A1LgmooU30+4QIyFt5rmBCzP0VzTR+587IJSGvYIsHHWlahFufihYxtraLfsIhW7I8dn6+xX+DZGygOPKWQ=="
      },
      "HarfBuzzSharp.NativeAssets.macOS": {
        "type": "Transitive",
        "resolved": "8.3.1.3",
        "contentHash": "KPTq0xnslkI6nAo0jh3ptcQPJvZZr7MWYXa2jUe4SnHc9q+JlHElmNXp0sfFoiTgoCX7WOYpYsurypuH9Gehxw=="
      },
      "HarfBuzzSharp.NativeAssets.WebAssembly": {
        "type": "Transitive",
        "resolved": "8.3.1.3",
        "contentHash": "w2QfdNm9Uz/sUa0B5D+OnVQhyq3G/fBq6ibQMdWBlQqqwh0g0/5j3RFvYqZAmRZ5+RzvjVe8o8SFFnWYUSkuxA=="
      },
      "HarfBuzzSharp.NativeAssets.Win32": {
        "type": "Transitive",
        "resolved": "8.3.1.3",
        "contentHash": "bx8CE8Js+XGX8PUxAHCBDEORt5aaBYtMN4Hr9QFs57Xithh6yjUyYqksizH6eRDhJkwsGI+SXWmPmMm8lZC9Pw=="
      },
      "MicroCom.Runtime": {
        "type": "Transitive",
        "resolved": "0.11.4",
        "contentHash": "yZ8+Lgwo+KtRI29TB2mIOEMzV+csMJ+pKZg4YHReAP3vRewWLKKeYfrBDo5FS69rWnEbCfU3sbM+ZEQr+GDLtg=="
      },
      "Microsoft.Extensions.DependencyInjection": {
        "type": "Transitive",
        "resolved": "10.0.8",
        "contentHash": "daf62xHIrq8pnE709hgaZZN9tSam9TGGepWe1+bE6V3GEuVwJiMs6ib+38lfMCyAJAHiX0vapxBhsuMSV7U+cg==",
        "dependencies": {
          "Microsoft.Extensions.DependencyInjection.Abstractions": "10.0.8"
        }
      },
      "Microsoft.Extensions.DependencyInjection.Abstractions": {
        "type": "Transitive",
        "resolved": "10.0.8",
        "contentHash": "21nbDV60SRPWGIivsyl6lqBeEJNG1sginhhfWgRrr3Ais7aQ12To25OAHQxgoiJkjqy1aQ6RxpZBGYuTi7Ge6A=="
      },
      "Microsoft.Extensions.Logging": {
        "type": "Transitive",
        "resolved": "10.0.8",
        "contentHash": "K60JhWC2hN/Gi7TP68tBxSzk5ACWOs7lkmPzsfA8Bcf/IXTajujt2ORMf9rSMk1bsng6Lv4Y3fuxp3bm1+15ug==",
        "dependencies": {
          "Microsoft.Extensions.DependencyInjection": "10.0.8",
          "Microsoft.Extensions.Logging.Abstractions": "10.0.8",
          "Microsoft.Extensions.Options": "10.0.8"
        }
      },
      "Microsoft.Extensions.Logging.Abstractions": {
        "type": "Transitive",
        "resolved": "10.0.8",
        "contentHash": "fdVadZmsC8jRP0KvKy8mO8f6GV/HyBvElfcSxEhd+5FM5boAw/01iSaCto5G3G37ApJira4A3pNaVvBv8cUiLQ==",
        "dependencies": {
          "Microsoft.Extensions.DependencyInjection.Abstractions": "10.0.8"
        }
      },
      "Microsoft.Extensions.Options": {
        "type": "Transitive",
        "resolved": "10.0.8",
        "contentHash": "VBD+131DpTNCNDfA4kIyKTiCySvJGNhwibdWBSdFRu7GMfXLXcXODkgA+KStKbbhzraLglZWUN4nXyHgW4JIRA==",
        "dependencies": {
          "Microsoft.Extensions.DependencyInjection.Abstractions": "10.0.8",
          "Microsoft.Extensions.Primitives": "10.0.8"
        }
      },
      "Microsoft.Extensions.Primitives": {
        "type": "Transitive",
        "resolved": "10.0.8",
        "contentHash": "OBPo4nYhMyIbtueoC10CBm6AGAbo/A9IV8QQ/6ryZS7VvmqpGT7hunazeHLxFawRzn3oLOq4jhqhpBX4tfswWQ=="
      },
      "NuGet.Versioning": {
        "type": "Transitive",
        "resolved": "6.14.0",
        "contentHash": "4v4blkhCv8mpKtfx+z0G/X0daVCzdIaHSC51GkUspugi5JIMn2Bo8xm5PdZYF0U68gOBfz/+aPWMnpRd85Jbow=="
      },
      "SkiaSharp": {
        "type": "Transitive",
        "resolved": "3.119.4-preview.1.1",
        "contentHash": "cyRjWksj/SwFWo7uPfpFk0sOPyUcE+FhF6ENFc3Q100sdJWHEA2nU1PcEeT7LsLFKBvDP/67q0A8vEXc4kvXnA==",
        "dependencies": {
          "SkiaSharp.NativeAssets.Win32": "3.119.4-preview.1.1",
          "SkiaSharp.NativeAssets.macOS": "3.119.4-preview.1.1"
        }
      },
      "SkiaSharp.NativeAssets.Linux": {
        "type": "Transitive",
        "resolved": "3.119.4-preview.1.1",
        "contentHash": "rZEnNkds7UWOWCCsi//v3VQ7MWbhqn83J1mCzl9069N1Zza7SXufVvsvpI4qJYUHaRx8ZhAaL0yi3zlKoXaUJw=="
      },
      "SkiaSharp.NativeAssets.macOS": {
        "type": "Transitive",
        "resolved": "3.119.4-preview.1.1",
        "contentHash": "77gyFnZD0uU12ABgI6pe8Iw2GRBYGryMP4EaHFs7fniffthVT5sf4PTug4ytwNzLKkVDiLobEpIvAJAj3UXwEw=="
      },
      "SkiaSharp.NativeAssets.WebAssembly": {
        "type": "Transitive",
        "resolved": "3.119.4-preview.1.1",
        "contentHash": "IyNI0QRJGl5sT0Dz2rGHBYVmenNoXcOCaC21avrLG5LwkX8ou0PluW2Hgz7NxHxiRL9D0kPmtoYWrr3uxd1NgA=="
      },
      "SkiaSharp.NativeAssets.Win32": {
        "type": "Transitive",
        "resolved": "3.119.4-preview.1.1",
        "contentHash": "BYwNLG02IAYMsBPgU9lM37xJgCM3B/2X5z1FQEBR34dmn+Hxvcw8X83PInY2rzix7mlbcv7OF8UHjf7yMbsDaA=="
      }
    },
    "net10.0-windows8.0/win-x64": {
      "1llum1n4t1s.Sevenzip": {
        "type": "Direct",
        "requested": "[1.0.73, )",
        "resolved": "1.0.73",
        "contentHash": "AJDrsEDeIiMQCPpNP1/1JnTpHVDPLaFViuGZvS+iWPA2XYmRVOYb/D+h4wyIcZA4fDsbbR45FH5GIJMLIWqcxQ=="
      },
      "Microsoft.DotNet.ILCompiler": {
        "type": "Direct",
        "requested": "[10.0.8, )",
        "resolved": "10.0.8",
        "contentHash": "RJxitcN5CCyZDcPNXKLsecwKvACzmy8C1z8hGM9+hFcnPhv1jDysJFFIeUHIPWaZ6wDAfYtZcgKEtegvL2Nz8A==",
        "dependencies": {
          "runtime.win-x64.Microsoft.DotNet.ILCompiler": "10.0.8"
        }
      },
      "Avalonia.Angle.Windows.Natives": {
        "type": "Transitive",
        "resolved": "2.1.25547.20250602",
        "contentHash": "ZL0VLc4s9rvNNFt19Pxm5UNAkmKNylugAwJPX9ulXZ6JWs/l6XZihPWWTyezaoNOVyEPU8YbURtW7XMAtqXH5A=="
      },
      "Avalonia.Native": {
        "type": "Transitive",
        "resolved": "12.0.3",
        "contentHash": "o+36bdY62STT9SjoEIlp/lSHVrQH8uC15gMUA4JMszz4Q4r5rgVMVTsorsIAurdawJ1LaBKIzvbDHyyiRjXROg==",
        "dependencies": {
          "Avalonia": "12.0.3"
        }
      },
      "HarfBuzzSharp.NativeAssets.Linux": {
        "type": "Transitive",
        "resolved": "8.3.1.3",
        "contentHash": "RI6A1LgmooU30+4QIyFt5rmBCzP0VzTR+587IJSGvYIsHHWlahFufihYxtraLfsIhW7I8dn6+xX+DZGygOPKWQ=="
      },
      "HarfBuzzSharp.NativeAssets.macOS": {
        "type": "Transitive",
        "resolved": "8.3.1.3",
        "contentHash": "KPTq0xnslkI6nAo0jh3ptcQPJvZZr7MWYXa2jUe4SnHc9q+JlHElmNXp0sfFoiTgoCX7WOYpYsurypuH9Gehxw=="
      },
      "HarfBuzzSharp.NativeAssets.Win32": {
        "type": "Transitive",
        "resolved": "8.3.1.3",
        "contentHash": "bx8CE8Js+XGX8PUxAHCBDEORt5aaBYtMN4Hr9QFs57Xithh6yjUyYqksizH6eRDhJkwsGI+SXWmPmMm8lZC9Pw=="
      },
      "runtime.win-x64.Microsoft.DotNet.ILCompiler": {
        "type": "Transitive",
        "resolved": "10.0.8",
        "contentHash": "S+9omeowlFjRReD0VB/Q4u3DcN7+vueJSF37saFj0U2OSJIkfI7gGKQRsDxGIf0MwLha14qGrjRC3bDGhvF0Gg=="
      },
      "SkiaSharp.NativeAssets.Linux": {
        "type": "Transitive",
        "resolved": "3.119.4-preview.1.1",
        "contentHash": "rZEnNkds7UWOWCCsi//v3VQ7MWbhqn83J1mCzl9069N1Zza7SXufVvsvpI4qJYUHaRx8ZhAaL0yi3zlKoXaUJw=="
      },
      "SkiaSharp.NativeAssets.macOS": {
        "type": "Transitive",
        "resolved": "3.119.4-preview.1.1",
        "contentHash": "77gyFnZD0uU12ABgI6pe8Iw2GRBYGryMP4EaHFs7fniffthVT5sf4PTug4ytwNzLKkVDiLobEpIvAJAj3UXwEw=="
      },
      "SkiaSharp.NativeAssets.Win32": {
        "type": "Transitive",
        "resolved": "3.119.4-preview.1.1",
        "contentHash": "BYwNLG02IAYMsBPgU9lM37xJgCM3B/2X5z1FQEBR34dmn+Hxvcw8X83PInY2rzix7mlbcv7OF8UHjf7yMbsDaA=="
      }
    }
  }
}